
Microsoft Visual Studio Solution File, Format Version 12.00
# Visual Studio Version 17
VisualStudioVersion = 17.11.35327.3
MinimumVisualStudioVersion = 10.0.40219.1
Project("{FAE04EC0-301F-11D3-BF4B-00C04F79EFBC}") = "PracticeApp1", "PracticeApp1\PracticeApp1.csproj", "{4334D06B-17F2-42BD-B267-205CE92151E1}"
EndProject
Project("{2150E333-8FDC-42A3-9474-1A3956D46DE8}") = "src", "src", "{B4C227AC-AEF5-401C-B7FF-9EE65D5F562B}"
EndProject
Project("{2150E333-8FDC-42A3-9474-1A3956D46DE8}") = "API", "API", "{A112F2A9-8B8F-40FE-B808-E59365282237}"
EndProject
Project("{2150E333-8FDC-42A3-9474-1A3956D46DE8}") = "Core", "Core", "{2641C566-7304-4B82-820E-B37853DBE83F}"
EndProject
Project("{2150E333-8FDC-42A3-9474-1A3956D46DE8}") = "Infra", "Infra", "{678AAD9B-1B6F-4923-AF94-3308EAE6D107}"
EndProject
Project("{FAE04EC0-301F-11D3-BF4B-00C04F79EFBC}") = "Domain", "Domain\Domain.csproj", "{F72C302A-E9E2-406B-AFCE-495122BD5C8C}"
EndProject
Project("{FAE04EC0-301F-11D3-BF4B-00C04F79EFBC}") = "Application", "Application\Application.csproj", "{1FC0599C-93A0-4477-8699-D3F2DD54D17F}"
EndProject
Project("{FAE04EC0-301F-11D3-BF4B-00C04F79EFBC}") = "Persistence", "Persistence\Persistence.csproj", "{ACAC5C41-AAAF-4678-8D1D-121810EACF8B}"
EndProject
Project("{FAE04EC0-301F-11D3-BF4B-00C04F79EFBC}") = "Infrastructure", "Infrastructure\Infrastructure.csproj", "{2BE08BBB-2174-45B4-8612-1D08A60B42AB}"
EndProject
Global
	GlobalSection(SolutionConfigurationPlatforms) = preSolution
		Debug|Any CPU = Debug|Any CPU
		Release|Any CPU = Release|Any CPU
	EndGlobalSection
	GlobalSection(ProjectConfigurationPlatforms) = postSolution
		{4334D06B-17F2-42BD-B267-205CE92151E1}.Debug|Any CPU.ActiveCfg = Debug|Any CPU
		{4334D06B-17F2-42BD-B267-205CE92151E1}.Debug|Any CPU.Build.0 = Debug|Any CPU
		{4334D06B-17F2-42BD-B267-205CE92151E1}.Release|Any CPU.ActiveCfg = Release|Any CPU
		{4334D06B-17F2-42BD-B267-205CE92151E1}.Release|Any CPU.Build.0 = Release|Any CPU
		{F72C302A-E9E2-406B-AFCE-495122BD5C8C}.Debug|Any CPU.ActiveCfg = Debug|Any CPU
		{F72C302A-E9E2-406B-AFCE-495122BD5C8C}.Debug|Any CPU.Build.0 = Debug|Any CPU
		{F72C302A-E9E2-406B-AFCE-495122BD5C8C}.Release|Any CPU.ActiveCfg = Release|Any CPU
		{F72C302A-E9E2-406B-AFCE-495122BD5C8C}.Release|Any CPU.Build.0 = Release|Any CPU
		{1FC0599C-93A0-4477-8699-D3F2DD54D17F}.Debug|Any CPU.ActiveCfg = Debug|Any CPU
		{1FC0599C-93A0-4477-8699-D3F2DD54D17F}.Debug|Any CPU.Build.0 = Debug|Any CPU
		{1FC0599C-93A0-4477-8699-D3F2DD54D17F}.Release|Any CPU.ActiveCfg = Release|Any CPU
		{1FC0599C-93A0-4477-8699-D3F2DD54D17F}.Release|Any CPU.Build.0 = Release|Any CPU
		{ACAC5C41-AAAF-4678-8D1D-121810EACF8B}.Debug|Any CPU.ActiveCfg = Debug|Any CPU
		{ACAC5C41-AAAF-4678-8D1D-121810EACF8B}.Debug|Any CPU.Build.0 = Debug|Any CPU
		{ACAC5C41-AAAF-4678-8D1D-121810EACF8B}.Release|Any CPU.ActiveCfg = Release|Any CPU
		{ACAC5C41-AAAF-4678-8D1D-121810EACF8B}.Release|Any CPU.Build.0 = Release|Any CPU
		{2BE08BBB-2174-45B4-8612-1D08A60B42AB}.Debug|Any CPU.ActiveCfg = Debug|Any CPU
		{2BE08BBB-2174-45B4-8612-1D08A60B42AB}.Debug|Any CPU.Build.0 = Debug|Any CPU
		{2BE08BBB-2174-45B4-8612-1D08A60B42AB}.Release|Any CPU.ActiveCfg = Release|Any CPU
		{2BE08BBB-2174-45B4-8612-1D08A60B42AB}.Release|Any CPU.Build.0 = Release|Any CPU
	EndGlobalSection
	GlobalSection(SolutionProperties) = preSolution
		HideSolutionNode = FALSE
	EndGlobalSection
	GlobalSection(NestedProjects) = preSolution
		{4334D06B-17F2-42BD-B267-205CE92151E1} = {A112F2A9-8B8F-40FE-B808-E59365282237}
		{A112F2A9-8B8F-40FE-B808-E59365282237} = {B4C227AC-AEF5-401C-B7FF-9EE65D5F562B}
		{2641C566-7304-4B82-820E-B37853DBE83F} = {B4C227AC-AEF5-401C-B7FF-9EE65D5F562B}
		{678AAD9B-1B6F-4923-AF94-3308EAE6D107} = {B4C227AC-AEF5-401C-B7FF-9EE65D5F562B}
		{F72C302A-E9E2-406B-AFCE-495122BD5C8C} = {2641C566-7304-4B82-820E-B37853DBE83F}
		{1FC0599C-93A0-4477-8699-D3F2DD54D17F} = {2641C566-7304-4B82-820E-B37853DBE83F}
		{ACAC5C41-AAAF-4678-8D1D-121810EACF8B} = {678AAD9B-1B6F-4923-AF94-3308EAE6D107}
		{2BE08BBB-2174-45B4-8612-1D08A60B42AB} = {678AAD9B-1B6F-4923-AF94-3308EAE6D107}
	EndGlobalSection
	GlobalSection(ExtensibilityGlobals) = postSolution
		SolutionGuid = {3A2949D6-80C9-4EAB-B3D6-08716E6C0328}
	EndGlobalSection
EndGlobal
